// !$*UTF8*$!
{
	archiveVersion = 1;
	classes = {
	};
	objectVersion = 56;
	objects = {

/* Begin PBXBuildFile section */
		C0034F062C0B36B6004A83F5 /* eDictionaryApp.swift in Sources */ = {isa = PBXBuildFile; fileRef = C0034F052C0B36B6004A83F5 /* eDictionaryApp.swift */; };
		C0034F082C0B36B6004A83F5 /* DictionaryView.swift in Sources */ = {isa = PBXBuildFile; fileRef = C0034F072C0B36B6004A83F5 /* DictionaryView.swift */; };
		C0034F0A2C0B36B7004A83F5 /* Assets.xcassets in Resources */ = {isa = PBXBuildFile; fileRef = C0034F092C0B36B7004A83F5 /* Assets.xcassets */; };
		C0034F0D2C0B36B7004A83F5 /* Preview Assets.xcassets in Resources */ = {isa = PBXBuildFile; fileRef = C0034F0C2C0B36B7004A83F5 /* Preview Assets.xcassets */; };
		C0034F172C0B36B7004A83F5 /* eDictionaryTests.swift in Sources */ = {isa = PBXBuildFile; fileRef = C0034F162C0B36B7004A83F5 /* eDictionaryTests.swift */; };
		C0034F212C0B36B7004A83F5 /* eDictionaryUITests.swift in Sources */ = {isa = PBXBuildFile; fileRef = C0034F202C0B36B7004A83F5 /* eDictionaryUITests.swift */; };
		C0034F232C0B36B7004A83F5 /* eDictionaryUITestsLaunchTests.swift in Sources */ = {isa = PBXBuildFile; fileRef = C0034F222C0B36B7004A83F5 /* eDictionaryUITestsLaunchTests.swift */; };
		C0034F312C0B3784004A83F5 /* APIService.swift in Sources */ = {isa = PBXBuildFile; fileRef = C0034F302C0B3784004A83F5 /* APIService.swift */; };
		C0034F332C0CAF97004A83F5 /* HTTPStatusCode.swift in Sources */ = {isa = PBXBuildFile; fileRef = C0034F322C0CAF97004A83F5 /* HTTPStatusCode.swift */; };
		C0034F362C0CB2C7004A83F5 /* APIWordsLoaderService.swift in Sources */ = {isa = PBXBuildFile; fileRef = C0034F352C0CB2C7004A83F5 /* APIWordsLoaderService.swift */; };
		C0034F382C0CB372004A83F5 /* APIWordsLoaderRequest.swift in Sources */ = {isa = PBXBuildFile; fileRef = C0034F372C0CB372004A83F5 /* APIWordsLoaderRequest.swift */; };
		C0034F3A2C0CB3D4004A83F5 /* WordsLoaderService.swift in Sources */ = {isa = PBXBuildFile; fileRef = C0034F392C0CB3D4004A83F5 /* WordsLoaderService.swift */; };
		C0A9A1A52C0CD09600688139 /* APIServiceTests.swift in Sources */ = {isa = PBXBuildFile; fileRef = C0A9A1A42C0CD09600688139 /* APIServiceTests.swift */; };
		C0A9A1A92C0CEB8500688139 /* APIServiceResponseTests.swift in Sources */ = {isa = PBXBuildFile; fileRef = C0A9A1A82C0CEB8500688139 /* APIServiceResponseTests.swift */; };
		C0A9A1AB2C0CF2B400688139 /* APIWordsLoaderServiceTests.swift in Sources */ = {isa = PBXBuildFile; fileRef = C0A9A1AA2C0CF2B400688139 /* APIWordsLoaderServiceTests.swift */; };
		C0A9A1AD2C0CFD7E00688139 /* PersisterService.swift in Sources */ = {isa = PBXBuildFile; fileRef = C0A9A1AC2C0CFD7E00688139 /* PersisterService.swift */; };
		C0A9A1B12C0CFDCC00688139 /* SQLite in Frameworks */ = {isa = PBXBuildFile; productRef = C0A9A1B02C0CFDCC00688139 /* SQLite */; };
		C0A9A1B52C0D13DB00688139 /* DictionaryViewModel.swift in Sources */ = {isa = PBXBuildFile; fileRef = C0A9A1B42C0D13DB00688139 /* DictionaryViewModel.swift */; };
/* End PBXBuildFile section */

/* Begin PBXContainerItemProxy section */
		C0034F132C0B36B7004A83F5 /* PBXContainerItemProxy */ = {
			isa = PBXContainerItemProxy;
			containerPortal = C0034EFA2C0B36B6004A83F5 /* Project object */;
			proxyType = 1;
			remoteGlobalIDString = C0034F012C0B36B6004A83F5;
			remoteInfo = eDictionary;
		};
		C0034F1D2C0B36B7004A83F5 /* PBXContainerItemProxy */ = {
			isa = PBXContainerItemProxy;
			containerPortal = C0034EFA2C0B36B6004A83F5 /* Project object */;
			proxyType = 1;
			remoteGlobalIDString = C0034F012C0B36B6004A83F5;
			remoteInfo = eDictionary;
		};
/* End PBXContainerItemProxy section */

/* Begin PBXFileReference section */
		C0034F022C0B36B6004A83F5 /* eDictionary.app */ = {isa = PBXFileReference; explicitFileType = wrapper.application; includeInIndex = 0; path = eDictionary.app; sourceTree = BUILT_PRODUCTS_DIR; };
		C0034F052C0B36B6004A83F5 /* eDictionaryApp.swift */ = {isa = PBXFileReference; lastKnownFileType = sourcecode.swift; path = eDictionaryApp.swift; sourceTree = "<group>"; };
		C0034F072C0B36B6004A83F5 /* DictionaryView.swift */ = {isa = PBXFileReference; lastKnownFileType = sourcecode.swift; path = DictionaryView.swift; sourceTree = "<group>"; };
		C0034F092C0B36B7004A83F5 /* Assets.xcassets */ = {isa = PBXFileReference; lastKnownFileType = folder.assetcatalog; path = Assets.xcassets; sourceTree = "<group>"; };
		C0034F0C2C0B36B7004A83F5 /* Preview Assets.xcassets */ = {isa = PBXFileReference; lastKnownFileType = folder.assetcatalog; path = "Preview Assets.xcassets"; sourceTree = "<group>"; };
		C0034F122C0B36B7004A83F5 /* eDictionaryTests.xctest */ = {isa = PBXFileReference; explicitFileType = wrapper.cfbundle; includeInIndex = 0; path = eDictionaryTests.xctest; sourceTree = BUILT_PRODUCTS_DIR; };
		C0034F162C0B36B7004A83F5 /* eDictionaryTests.swift */ = {isa = PBXFileReference; lastKnownFileType = sourcecode.swift; path = eDictionaryTests.swift; sourceTree = "<group>"; };
		C0034F1C2C0B36B7004A83F5 /* eDictionaryUITests.xctest */ = {isa = PBXFileReference; explicitFileType = wrapper.cfbundle; includeInIndex = 0; path = eDictionaryUITests.xctest; sourceTree = BUILT_PRODUCTS_DIR; };
		C0034F202C0B36B7004A83F5 /* eDictionaryUITests.swift */ = {isa = PBXFileReference; lastKnownFileType = sourcecode.swift; path = eDictionaryUITests.swift; sourceTree = "<group>"; };
		C0034F222C0B36B7004A83F5 /* eDictionaryUITestsLaunchTests.swift */ = {isa = PBXFileReference; lastKnownFileType = sourcecode.swift; path = eDictionaryUITestsLaunchTests.swift; sourceTree = "<group>"; };
		C0034F302C0B3784004A83F5 /* APIService.swift */ = {isa = PBXFileReference; lastKnownFileType = sourcecode.swift; path = APIService.swift; sourceTree = "<group>"; };
		C0034F322C0CAF97004A83F5 /* HTTPStatusCode.swift */ = {isa = PBXFileReference; lastKnownFileType = sourcecode.swift; path = HTTPStatusCode.swift; sourceTree = "<group>"; };
		C0034F352C0CB2C7004A83F5 /* APIWordsLoaderService.swift */ = {isa = PBXFileReference; lastKnownFileType = sourcecode.swift; path = APIWordsLoaderService.swift; sourceTree = "<group>"; };
		C0034F372C0CB372004A83F5 /* APIWordsLoaderRequest.swift */ = {isa = PBXFileReference; lastKnownFileType = sourcecode.swift; path = APIWordsLoaderRequest.swift; sourceTree = "<group>"; };
		C0034F392C0CB3D4004A83F5 /* WordsLoaderService.swift */ = {isa = PBXFileReference; lastKnownFileType = sourcecode.swift; path = WordsLoaderService.swift; sourceTree = "<group>"; };
		C0A9A1A42C0CD09600688139 /* APIServiceTests.swift */ = {isa = PBXFileReference; lastKnownFileType = sourcecode.swift; path = APIServiceTests.swift; sourceTree = "<group>"; };
		C0A9A1A82C0CEB8500688139 /* APIServiceResponseTests.swift */ = {isa = PBXFileReference; lastKnownFileType = sourcecode.swift; path = APIServiceResponseTests.swift; sourceTree = "<group>"; };
		C0A9A1AA2C0CF2B400688139 /* APIWordsLoaderServiceTests.swift */ = {isa = PBXFileReference; lastKnownFileType = sourcecode.swift; path = APIWordsLoaderServiceTests.swift; sourceTree = "<group>"; };
		C0A9A1AC2C0CFD7E00688139 /* PersisterService.swift */ = {isa = PBXFileReference; lastKnownFileType = sourcecode.swift; path = PersisterService.swift; sourceTree = "<group>"; };
		C0A9A1B42C0D13DB00688139 /* DictionaryViewModel.swift */ = {isa = PBXFileReference; lastKnownFileType = sourcecode.swift; path = DictionaryViewModel.swift; sourceTree = "<group>"; };
/* End PBXFileReference section */

/* Begin PBXFrameworksBuildPhase section */
		C0034EFF2C0B36B6004A83F5 /* Frameworks */ = {
			isa = PBXFrameworksBuildPhase;
			buildActionMask = 2147483647;
			files = (
				C0A9A1B12C0CFDCC00688139 /* SQLite in Frameworks */,
			);
			runOnlyForDeploymentPostprocessing = 0;
		};
		C0034F0F2C0B36B7004A83F5 /* Frameworks */ = {
			isa = PBXFrameworksBuildPhase;
			buildActionMask = 2147483647;
			files = (
			);
			runOnlyForDeploymentPostprocessing = 0;
		};
		C0034F192C0B36B7004A83F5 /* Frameworks */ = {
			isa = PBXFrameworksBuildPhase;
			buildActionMask = 2147483647;
			files = (
			);
			runOnlyForDeploymentPostprocessing = 0;
		};
/* End PBXFrameworksBuildPhase section */

/* Begin PBXGroup section */
		C0034EF92C0B36B6004A83F5 = {
			isa = PBXGroup;
			children = (
				C0034F042C0B36B6004A83F5 /* eDictionary */,
				C0034F152C0B36B7004A83F5 /* eDictionaryTests */,
				C0034F1F2C0B36B7004A83F5 /* eDictionaryUITests */,
				C0034F032C0B36B6004A83F5 /* Products */,
			);
			sourceTree = "<group>";
		};
		C0034F032C0B36B6004A83F5 /* Products */ = {
			isa = PBXGroup;
			children = (
				C0034F022C0B36B6004A83F5 /* eDictionary.app */,
				C0034F122C0B36B7004A83F5 /* eDictionaryTests.xctest */,
				C0034F1C2C0B36B7004A83F5 /* eDictionaryUITests.xctest */,
			);
			name = Products;
			sourceTree = "<group>";
		};
		C0034F042C0B36B6004A83F5 /* eDictionary */ = {
			isa = PBXGroup;
			children = (
				C0A9A1B32C0D13AE00688139 /* DictionaryView */,
				C0034F2F2C0B3763004A83F5 /* Service */,
				C0034F052C0B36B6004A83F5 /* eDictionaryApp.swift */,
				C0034F092C0B36B7004A83F5 /* Assets.xcassets */,
				C0034F0B2C0B36B7004A83F5 /* Preview Content */,
			);
			path = eDictionary;
			sourceTree = "<group>";
		};
		C0034F0B2C0B36B7004A83F5 /* Preview Content */ = {
			isa = PBXGroup;
			children = (
				C0034F0C2C0B36B7004A83F5 /* Preview Assets.xcassets */,
			);
			path = "Preview Content";
			sourceTree = "<group>";
		};
		C0034F152C0B36B7004A83F5 /* eDictionaryTests */ = {
			isa = PBXGroup;
			children = (
				C0034F162C0B36B7004A83F5 /* eDictionaryTests.swift */,
				C0A9A1A42C0CD09600688139 /* APIServiceTests.swift */,
				C0A9A1A82C0CEB8500688139 /* APIServiceResponseTests.swift */,
				C0A9A1AA2C0CF2B400688139 /* APIWordsLoaderServiceTests.swift */,
			);
			path = eDictionaryTests;
			sourceTree = "<group>";
		};
		C0034F1F2C0B36B7004A83F5 /* eDictionaryUITests */ = {
			isa = PBXGroup;
			children = (
				C0034F202C0B36B7004A83F5 /* eDictionaryUITests.swift */,
				C0034F222C0B36B7004A83F5 /* eDictionaryUITestsLaunchTests.swift */,
			);
			path = eDictionaryUITests;
			sourceTree = "<group>";
		};
		C0034F2F2C0B3763004A83F5 /* Service */ = {
			isa = PBXGroup;
			children = (
				C0A9A1AE2C0CFD8700688139 /* PersisterService */,
				C0034F342C0CB2A1004A83F5 /* WordsLoaderService */,
				C0034F302C0B3784004A83F5 /* APIService.swift */,
				C0034F322C0CAF97004A83F5 /* HTTPStatusCode.swift */,
			);
			path = Service;
			sourceTree = "<group>";
		};
		C0034F342C0CB2A1004A83F5 /* WordsLoaderService */ = {
			isa = PBXGroup;
			children = (
				C0034F352C0CB2C7004A83F5 /* APIWordsLoaderService.swift */,
				C0034F372C0CB372004A83F5 /* APIWordsLoaderRequest.swift */,
				C0034F392C0CB3D4004A83F5 /* WordsLoaderService.swift */,
			);
			path = WordsLoaderService;
			sourceTree = "<group>";
		};
		C0A9A1AE2C0CFD8700688139 /* PersisterService */ = {
			isa = PBXGroup;
			children = (
				C0A9A1AC2C0CFD7E00688139 /* PersisterService.swift */,
			);
			path = PersisterService;
			sourceTree = "<group>";
		};
		C0A9A1B32C0D13AE00688139 /* DictionaryView */ = {
			isa = PBXGroup;
			children = (
				C0034F072C0B36B6004A83F5 /* DictionaryView.swift */,
				C0A9A1B42C0D13DB00688139 /* DictionaryViewModel.swift */,
			);
			path = DictionaryView;
			sourceTree = "<group>";
		};
/* End PBXGroup section */

/* Begin PBXNativeTarget section */
		C0034F012C0B36B6004A83F5 /* eDictionary */ = {
			isa = PBXNativeTarget;
			buildConfigurationList = C0034F262C0B36B7004A83F5 /* Build configuration list for PBXNativeTarget "eDictionary" */;
			buildPhases = (
				C0034EFE2C0B36B6004A83F5 /* Sources */,
				C0034EFF2C0B36B6004A83F5 /* Frameworks */,
				C0034F002C0B36B6004A83F5 /* Resources */,
			);
			buildRules = (
			);
			dependencies = (
			);
			name = eDictionary;
			packageProductDependencies = (
				C0A9A1B02C0CFDCC00688139 /* SQLite */,
			);
			productName = eDictionary;
			productReference = C0034F022C0B36B6004A83F5 /* eDictionary.app */;
			productType = "com.apple.product-type.application";
		};
		C0034F112C0B36B7004A83F5 /* eDictionaryTests */ = {
			isa = PBXNativeTarget;
			buildConfigurationList = C0034F292C0B36B7004A83F5 /* Build configuration list for PBXNativeTarget "eDictionaryTests" */;
			buildPhases = (
				C0034F0E2C0B36B7004A83F5 /* Sources */,
				C0034F0F2C0B36B7004A83F5 /* Frameworks */,
				C0034F102C0B36B7004A83F5 /* Resources */,
			);
			buildRules = (
			);
			dependencies = (
				C0034F142C0B36B7004A83F5 /* PBXTargetDependency */,
			);
			name = eDictionaryTests;
			productName = eDictionaryTests;
			productReference = C0034F122C0B36B7004A83F5 /* eDictionaryTests.xctest */;
			productType = "com.apple.product-type.bundle.unit-test";
		};
		C0034F1B2C0B36B7004A83F5 /* eDictionaryUITests */ = {
			isa = PBXNativeTarget;
			buildConfigurationList = C0034F2C2C0B36B7004A83F5 /* Build configuration list for PBXNativeTarget "eDictionaryUITests" */;
			buildPhases = (
				C0034F182C0B36B7004A83F5 /* Sources */,
				C0034F192C0B36B7004A83F5 /* Frameworks */,
				C0034F1A2C0B36B7004A83F5 /* Resources */,
			);
			buildRules = (
			);
			dependencies = (
				C0034F1E2C0B36B7004A83F5 /* PBXTargetDependency */,
			);
			name = eDictionaryUITests;
			productName = eDictionaryUITests;
			productReference = C0034F1C2C0B36B7004A83F5 /* eDictionaryUITests.xctest */;
			productType = "com.apple.product-type.bundle.ui-testing";
		};
/* End PBXNativeTarget section */

/* Begin PBXProject section */
		C0034EFA2C0B36B6004A83F5 /* Project object */ = {
			isa = PBXProject;
			attributes = {
				BuildIndependentTargetsInParallel = 1;
				LastSwiftUpdateCheck = 1500;
				LastUpgradeCheck = 1500;
				TargetAttributes = {
					C0034F012C0B36B6004A83F5 = {
						CreatedOnToolsVersion = 15.0.1;
					};
					C0034F112C0B36B7004A83F5 = {
						CreatedOnToolsVersion = 15.0.1;
						TestTargetID = C0034F012C0B36B6004A83F5;
					};
					C0034F1B2C0B36B7004A83F5 = {
						CreatedOnToolsVersion = 15.0.1;
						TestTargetID = C0034F012C0B36B6004A83F5;
					};
				};
			};
			buildConfigurationList = C0034EFD2C0B36B6004A83F5 /* Build configuration list for PBXProject "eDictionary" */;
			compatibilityVersion = "Xcode 14.0";
			developmentRegion = en;
			hasScannedForEncodings = 0;
			knownRegions = (
				en,
				Base,
			);
			mainGroup = C0034EF92C0B36B6004A83F5;
			packageReferences = (
				C0A9A1AF2C0CFDCC00688139 /* XCRemoteSwiftPackageReference "SQLite" */,
			);
			productRefGroup = C0034F032C0B36B6004A83F5 /* Products */;
			projectDirPath = "";
			projectRoot = "";
			targets = (
				C0034F012C0B36B6004A83F5 /* eDictionary */,
				C0034F112C0B36B7004A83F5 /* eDictionaryTests */,
				C0034F1B2C0B36B7004A83F5 /* eDictionaryUITests */,
			);
		};
/* End PBXProject section */

/* Begin PBXResourcesBuildPhase section */
		C0034F002C0B36B6004A83F5 /* Resources */ = {
			isa = PBXResourcesBuildPhase;
			buildActionMask = 2147483647;
			files = (
				C0034F0D2C0B36B7004A83F5 /* Preview Assets.xcassets in Resources */,
				C0034F0A2C0B36B7004A83F5 /* Assets.xcassets in Resources */,
			);
			runOnlyForDeploymentPostprocessing = 0;
		};
		C0034F102C0B36B7004A83F5 /* Resources */ = {
			isa = PBXResourcesBuildPhase;
			buildActionMask = 2147483647;
			files = (
			);
			runOnlyForDeploymentPostprocessing = 0;
		};
		C0034F1A2C0B36B7004A83F5 /* Resources */ = {
			isa = PBXResourcesBuildPhase;
			buildActionMask = 2147483647;
			files = (
			);
			runOnlyForDeploymentPostprocessing = 0;
		};
/* End PBXResourcesBuildPhase section */

/* Begin PBXSourcesBuildPhase section */
		C0034EFE2C0B36B6004A83F5 /* Sources */ = {
			isa = PBXSourcesBuildPhase;
			buildActionMask = 2147483647;
			files = (
				C0034F3A2C0CB3D4004A83F5 /* WordsLoaderService.swift in Sources */,
				C0034F082C0B36B6004A83F5 /* DictionaryView.swift in Sources */,
				C0034F312C0B3784004A83F5 /* APIService.swift in Sources */,
				C0A9A1B52C0D13DB00688139 /* DictionaryViewModel.swift in Sources */,
				C0A9A1AD2C0CFD7E00688139 /* PersisterService.swift in Sources */,
				C0034F332C0CAF97004A83F5 /* HTTPStatusCode.swift in Sources */,
				C0034F062C0B36B6004A83F5 /* eDictionaryApp.swift in Sources */,
				C0034F362C0CB2C7004A83F5 /* APIWordsLoaderService.swift in Sources */,
				C0034F382C0CB372004A83F5 /* APIWordsLoaderRequest.swift in Sources */,
			);
			runOnlyForDeploymentPostprocessing = 0;
		};
		C0034F0E2C0B36B7004A83F5 /* Sources */ = {
			isa = PBXSourcesBuildPhase;
			buildActionMask = 2147483647;
			files = (
				C0A9A1A52C0CD09600688139 /* APIServiceTests.swift in Sources */,
				C0034F172C0B36B7004A83F5 /* eDictionaryTests.swift in Sources */,
				C0A9A1AB2C0CF2B400688139 /* APIWordsLoaderServiceTests.swift in Sources */,
				C0A9A1A92C0CEB8500688139 /* APIServiceResponseTests.swift in Sources */,
			);
			runOnlyForDeploymentPostprocessing = 0;
		};
		C0034F182C0B36B7004A83F5 /* Sources */ = {
			isa = PBXSourcesBuildPhase;
			buildActionMask = 2147483647;
			files = (
				C0034F232C0B36B7004A83F5 /* eDictionaryUITestsLaunchTests.swift in Sources */,
				C0034F212C0B36B7004A83F5 /* eDictionaryUITests.swift in Sources */,
			);
			runOnlyForDeploymentPostprocessing = 0;
		};
/* End PBXSourcesBuildPhase section */

/* Begin PBXTargetDependency section */
		C0034F142C0B36B7004A83F5 /* PBXTargetDependency */ = {
			isa = PBXTargetDependency;
			target = C0034F012C0B36B6004A83F5 /* eDictionary */;
			targetProxy = C0034F132C0B36B7004A83F5 /* PBXContainerItemProxy */;
		};
		C0034F1E2C0B36B7004A83F5 /* PBXTargetDependency */ = {
			isa = PBXTargetDependency;
			target = C0034F012C0B36B6004A83F5 /* eDictionary */;
			targetProxy = C0034F1D2C0B36B7004A83F5 /* PBXContainerItemProxy */;
		};
/* End PBXTargetDependency section */

/* Begin XCBuildConfiguration section */
		C0034F242C0B36B7004A83F5 /* Debug */ = {
			isa = XCBuildConfiguration;
			buildSettings = {
				ALWAYS_SEARCH_USER_PATHS = NO;
				ASSETCATALOG_COMPILER_GENERATE_SWIFT_ASSET_SYMBOL_EXTENSIONS = YES;
				CLANG_ANALYZER_NONNULL = YES;
				CLANG_ANALYZER_NUMBER_OBJECT_CONVERSION = YES_AGGRESSIVE;
				CLANG_CXX_LANGUAGE_STANDARD = "gnu++20";
				CLANG_ENABLE_MODULES = YES;
				CLANG_ENABLE_OBJC_ARC = YES;
				CLANG_ENABLE_OBJC_WEAK = YES;
				CLANG_WARN_BLOCK_CAPTURE_AUTORELEASING = YES;
				CLANG_WARN_BOOL_CONVERSION = YES;
				CLANG_WARN_COMMA = YES;
				CLANG_WARN_CONSTANT_CONVERSION = YES;
				CLANG_WARN_DEPRECATED_OBJC_IMPLEMENTATIONS = YES;
				CLANG_WARN_DIRECT_OBJC_ISA_USAGE = YES_ERROR;
				CLANG_WARN_DOCUMENTATION_COMMENTS = YES;
				CLANG_WARN_EMPTY_BODY = YES;
				CLANG_WARN_ENUM_CONVERSION = YES;
				CLANG_WARN_INFINITE_RECURSION = YES;
				CLANG_WARN_INT_CONVERSION = YES;
				CLANG_WARN_NON_LITERAL_NULL_CONVERSION = YES;
				CLANG_WARN_OBJC_IMPLICIT_RETAIN_SELF = YES;
				CLANG_WARN_OBJC_LITERAL_CONVERSION = YES;
				CLANG_WARN_OBJC_ROOT_CLASS = YES_ERROR;
				CLANG_WARN_QUOTED_INCLUDE_IN_FRAMEWORK_HEADER = YES;
				CLANG_WARN_RANGE_LOOP_ANALYSIS = YES;
				CLANG_WARN_STRICT_PROTOTYPES = YES;
				CLANG_WARN_SUSPICIOUS_MOVE = YES;
				CLANG_WARN_UNGUARDED_AVAILABILITY = YES_AGGRESSIVE;
				CLANG_WARN_UNREACHABLE_CODE = YES;
				CLANG_WARN__DUPLICATE_METHOD_MATCH = YES;
				COPY_PHASE_STRIP = NO;
				DEBUG_INFORMATION_FORMAT = dwarf;
				ENABLE_STRICT_OBJC_MSGSEND = YES;
				ENABLE_TESTABILITY = YES;
				ENABLE_USER_SCRIPT_SANDBOXING = YES;
				GCC_C_LANGUAGE_STANDARD = gnu17;
				GCC_DYNAMIC_NO_PIC = NO;
				GCC_NO_COMMON_BLOCKS = YES;
				GCC_OPTIMIZATION_LEVEL = 0;
				GCC_PREPROCESSOR_DEFINITIONS = (
					"DEBUG=1",
					"$(inherited)",
				);
				GCC_WARN_64_TO_32_BIT_CONVERSION = YES;
				GCC_WARN_ABOUT_RETURN_TYPE = YES_ERROR;
				GCC_WARN_UNDECLARED_SELECTOR = YES;
				GCC_WARN_UNINITIALIZED_AUTOS = YES_AGGRESSIVE;
				GCC_WARN_UNUSED_FUNCTION = YES;
				GCC_WARN_UNUSED_VARIABLE = YES;
				IPHONEOS_DEPLOYMENT_TARGET = 17.0;
				LOCALIZATION_PREFERS_STRING_CATALOGS = YES;
				MTL_ENABLE_DEBUG_INFO = INCLUDE_SOURCE;
				MTL_FAST_MATH = YES;
				ONLY_ACTIVE_ARCH = YES;
				SDKROOT = iphoneos;
				SWIFT_ACTIVE_COMPILATION_CONDITIONS = "DEBUG $(inherited)";
				SWIFT_OPTIMIZATION_LEVEL = "-Onone";
			};
			name = Debug;
		};
		C0034F252C0B36B7004A83F5 /* Release */ = {
			isa = XCBuildConfiguration;
			buildSettings = {
				ALWAYS_SEARCH_USER_PATHS = NO;
				ASSETCATALOG_COMPILER_GENERATE_SWIFT_ASSET_SYMBOL_EXTENSIONS = YES;
				CLANG_ANALYZER_NONNULL = YES;
				CLANG_ANALYZER_NUMBER_OBJECT_CONVERSION = YES_AGGRESSIVE;
				CLANG_CXX_LANGUAGE_STANDARD = "gnu++20";
				CLANG_ENABLE_MODULES = YES;
				CLANG_ENABLE_OBJC_ARC = YES;
				CLANG_ENABLE_OBJC_WEAK = YES;
				CLANG_WARN_BLOCK_CAPTURE_AUTORELEASING = YES;
				CLANG_WARN_BOOL_CONVERSION = YES;
				CLANG_WARN_COMMA = YES;
				CLANG_WARN_CONSTANT_CONVERSION = YES;
				CLANG_WARN_DEPRECATED_OBJC_IMPLEMENTATIONS = YES;
				CLANG_WARN_DIRECT_OBJC_ISA_USAGE = YES_ERROR;
				CLANG_WARN_DOCUMENTATION_COMMENTS = YES;
				CLANG_WARN_EMPTY_BODY = YES;
				CLANG_WARN_ENUM_CONVERSION = YES;
				CLANG_WARN_INFINITE_RECURSION = YES;
				CLANG_WARN_INT_CONVERSION = YES;
				CLANG_WARN_NON_LITERAL_NULL_CONVERSION = YES;
				CLANG_WARN_OBJC_IMPLICIT_RETAIN_SELF = YES;
				CLANG_WARN_OBJC_LITERAL_CONVERSION = YES;
				CLANG_WARN_OBJC_ROOT_CLASS = YES_ERROR;
				CLANG_WARN_QUOTED_INCLUDE_IN_FRAMEWORK_HEADER = YES;
				CLANG_WARN_RANGE_LOOP_ANALYSIS = YES;
				CLANG_WARN_STRICT_PROTOTYPES = YES;
				CLANG_WARN_SUSPICIOUS_MOVE = YES;
				CLANG_WARN_UNGUARDED_AVAILABILITY = YES_AGGRESSIVE;
				CLANG_WARN_UNREACHABLE_CODE = YES;
				CLANG_WARN__DUPLICATE_METHOD_MATCH = YES;
				COPY_PHASE_STRIP = NO;
				DEBUG_INFORMATION_FORMAT = "dwarf-with-dsym";
				ENABLE_NS_ASSERTIONS = NO;
				ENABLE_STRICT_OBJC_MSGSEND = YES;
				ENABLE_USER_SCRIPT_SANDBOXING = YES;
				GCC_C_LANGUAGE_STANDARD = gnu17;
				GCC_NO_COMMON_BLOCKS = YES;
				GCC_WARN_64_TO_32_BIT_CONVERSION = YES;
				GCC_WARN_ABOUT_RETURN_TYPE = YES_ERROR;
				GCC_WARN_UNDECLARED_SELECTOR = YES;
				GCC_WARN_UNINITIALIZED_AUTOS = YES_AGGRESSIVE;
				GCC_WARN_UNUSED_FUNCTION = YES;
				GCC_WARN_UNUSED_VARIABLE = YES;
				IPHONEOS_DEPLOYMENT_TARGET = 17.0;
				LOCALIZATION_PREFERS_STRING_CATALOGS = YES;
				MTL_ENABLE_DEBUG_INFO = NO;
				MTL_FAST_MATH = YES;
				SDKROOT = iphoneos;
				SWIFT_COMPILATION_MODE = wholemodule;
				VALIDATE_PRODUCT = YES;
			};
			name = Release;
		};
		C0034F272C0B36B7004A83F5 /* Debug */ = {
			isa = XCBuildConfiguration;
			buildSettings = {
				ASSETCATALOG_COMPILER_APPICON_NAME = AppIcon;
				ASSETCATALOG_COMPILER_GLOBAL_ACCENT_COLOR_NAME = AccentColor;
				CODE_SIGN_STYLE = Automatic;
				CURRENT_PROJECT_VERSION = 1;
				DEVELOPMENT_ASSET_PATHS = "\"eDictionary/Preview Content\"";
				DEVELOPMENT_TEAM = 6429AL7GXR;
				ENABLE_PREVIEWS = YES;
				GENERATE_INFOPLIST_FILE = YES;
				INFOPLIST_KEY_UIApplicationSceneManifest_Generation = YES;
				INFOPLIST_KEY_UIApplicationSupportsIndirectInputEvents = YES;
				INFOPLIST_KEY_UILaunchScreen_Generation = YES;
				INFOPLIST_KEY_UISupportedInterfaceOrientations_iPad = "UIInterfaceOrientationPortrait UIInterfaceOrientationPortraitUpsideDown UIInterfaceOrientationLandscapeLeft UIInterfaceOrientationLandscapeRight";
				INFOPLIST_KEY_UISupportedInterfaceOrientations_iPhone = "UIInterfaceOrientationPortrait UIInterfaceOrientationLandscapeLeft UIInterfaceOrientationLandscapeRight";
				LD_RUNPATH_SEARCH_PATHS = (
					"$(inherited)",
					"@executable_path/Frameworks",
				);
				MARKETING_VERSION = 1.0;
				PRODUCT_BUNDLE_IDENTIFIER = com.dictionary.eDictionary;
				PRODUCT_NAME = "$(TARGET_NAME)";
				SWIFT_EMIT_LOC_STRINGS = YES;
				SWIFT_VERSION = 5.0;
				TARGETED_DEVICE_FAMILY = "1,2";
			};
			name = Debug;
		};
		C0034F282C0B36B7004A83F5 /* Release */ = {
			isa = XCBuildConfiguration;
			buildSettings = {
				ASSETCATALOG_COMPILER_APPICON_NAME = AppIcon;
				ASSETCATALOG_COMPILER_GLOBAL_ACCENT_COLOR_NAME = AccentColor;
				CODE_SIGN_STYLE = Automatic;
				CURRENT_PROJECT_VERSION = 1;
				DEVELOPMENT_ASSET_PATHS = "\"eDictionary/Preview Content\"";
				DEVELOPMENT_TEAM = 6429AL7GXR;
				ENABLE_PREVIEWS = YES;
				GENERATE_INFOPLIST_FILE = YES;
				INFOPLIST_KEY_UIApplicationSceneManifest_Generation = YES;
				INFOPLIST_KEY_UIApplicationSupportsIndirectInputEvents = YES;
				INFOPLIST_KEY_UILaunchScreen_Generation = YES;
				INFOPLIST_KEY_UISupportedInterfaceOrientations_iPad = "UIInterfaceOrientationPortrait UIInterfaceOrientationPortraitUpsideDown UIInterfaceOrientationLandscapeLeft UIInterfaceOrientationLandscapeRight";
				INFOPLIST_KEY_UISupportedInterfaceOrientations_iPhone = "UIInterfaceOrientationPortrait UIInterfaceOrientationLandscapeLeft UIInterfaceOrientationLandscapeRight";
				LD_RUNPATH_SEARCH_PATHS = (
					"$(inherited)",
					"@executable_path/Frameworks",
				);
				MARKETING_VERSION = 1.0;
				PRODUCT_BUNDLE_IDENTIFIER = com.dictionary.eDictionary;
				PRODUCT_NAME = "$(TARGET_NAME)";
				SWIFT_EMIT_LOC_STRINGS = YES;
				SWIFT_VERSION = 5.0;
				TARGETED_DEVICE_FAMILY = "1,2";
			};
			name = Release;
		};
		C0034F2A2C0B36B7004A83F5 /* Debug */ = {
			isa = XCBuildConfiguration;
			buildSettings = {
				ALWAYS_EMBED_SWIFT_STANDARD_LIBRARIES = YES;
				BUNDLE_LOADER = "$(TEST_HOST)";
				CODE_SIGN_STYLE = Automatic;
				CURRENT_PROJECT_VERSION = 1;
				DEVELOPMENT_TEAM = 6429AL7GXR;
				GENERATE_INFOPLIST_FILE = YES;
				IPHONEOS_DEPLOYMENT_TARGET = 17.0;
				MARKETING_VERSION = 1.0;
				PRODUCT_BUNDLE_IDENTIFIER = com.dictionary.eDictionaryTests;
				PRODUCT_NAME = "$(TARGET_NAME)";
				SWIFT_EMIT_LOC_STRINGS = NO;
				SWIFT_VERSION = 5.0;
				TARGETED_DEVICE_FAMILY = "1,2";
				TEST_HOST = "$(BUILT_PRODUCTS_DIR)/eDictionary.app/$(BUNDLE_EXECUTABLE_FOLDER_PATH)/eDictionary";
			};
			name = Debug;
		};
		C0034F2B2C0B36B7004A83F5 /* Release */ = {
			isa = XCBuildConfiguration;
			buildSettings = {
				ALWAYS_EMBED_SWIFT_STANDARD_LIBRARIES = YES;
				BUNDLE_LOADER = "$(TEST_HOST)";
				CODE_SIGN_STYLE = Automatic;
				CURRENT_PROJECT_VERSION = 1;
				DEVELOPMENT_TEAM = 6429AL7GXR;
				GENERATE_INFOPLIST_FILE = YES;
				IPHONEOS_DEPLOYMENT_TARGET = 17.0;
				MARKETING_VERSION = 1.0;
				PRODUCT_BUNDLE_IDENTIFIER = com.dictionary.eDictionaryTests;
				PRODUCT_NAME = "$(TARGET_NAME)";
				SWIFT_EMIT_LOC_STRINGS = NO;
				SWIFT_VERSION = 5.0;
				TARGETED_DEVICE_FAMILY = "1,2";
				TEST_HOST = "$(BUILT_PRODUCTS_DIR)/eDictionary.app/$(BUNDLE_EXECUTABLE_FOLDER_PATH)/eDictionary";
			};
			name = Release;
		};
		C0034F2D2C0B36B7004A83F5 /* Debug */ = {
			isa = XCBuildConfiguration;
			buildSettings = {
				ALWAYS_EMBED_SWIFT_STANDARD_LIBRARIES = YES;
				CODE_SIGN_STYLE = Automatic;
				CURRENT_PROJECT_VERSION = 1;
				DEVELOPMENT_TEAM = 6429AL7GXR;
				GENERATE_INFOPLIST_FILE = YES;
				MARKETING_VERSION = 1.0;
				PRODUCT_BUNDLE_IDENTIFIER = com.dictionary.eDictionaryUITests;
				PRODUCT_NAME = "$(TARGET_NAME)";
				SWIFT_EMIT_LOC_STRINGS = NO;
				SWIFT_VERSION = 5.0;
				TARGETED_DEVICE_FAMILY = "1,2";
				TEST_TARGET_NAME = eDictionary;
			};
			name = Debug;
		};
		C0034F2E2C0B36B7004A83F5 /* Release */ = {
			isa = XCBuildConfiguration;
			buildSettings = {
				ALWAYS_EMBED_SWIFT_STANDARD_LIBRARIES = YES;
				CODE_SIGN_STYLE = Automatic;
				CURRENT_PROJECT_VERSION = 1;
				DEVELOPMENT_TEAM = 6429AL7GXR;
				GENERATE_INFOPLIST_FILE = YES;
				MARKETING_VERSION = 1.0;
				PRODUCT_BUNDLE_IDENTIFIER = com.dictionary.eDictionaryUITests;
				PRODUCT_NAME = "$(TARGET_NAME)";
				SWIFT_EMIT_LOC_STRINGS = NO;
				SWIFT_VERSION = 5.0;
				TARGETED_DEVICE_FAMILY = "1,2";
				TEST_TARGET_NAME = eDictionary;
			};
			name = Release;
		};
/* End XCBuildConfiguration section */

/* Begin XCConfigurationList section */
		C0034EFD2C0B36B6004A83F5 /* Build configuration list for PBXProject "eDictionary" */ = {
			isa = XCConfigurationList;
			buildConfigurations = (
				C0034F242C0B36B7004A83F5 /* Debug */,
				C0034F252C0B36B7004A83F5 /* Release */,
			);
			defaultConfigurationIsVisible = 0;
			defaultConfigurationName = Release;
		};
		C0034F262C0B36B7004A83F5 /* Build configuration list for PBXNativeTarget "eDictionary" */ = {
			isa = XCConfigurationList;
			buildConfigurations = (
				C0034F272C0B36B7004A83F5 /* Debug */,
				C0034F282C0B36B7004A83F5 /* Release */,
			);
			defaultConfigurationIsVisible = 0;
			defaultConfigurationName = Release;
		};
		C0034F292C0B36B7004A83F5 /* Build configuration list for PBXNativeTarget "eDictionaryTests" */ = {
			isa = XCConfigurationList;
			buildConfigurations = (
				C0034F2A2C0B36B7004A83F5 /* Debug */,
				C0034F2B2C0B36B7004A83F5 /* Release */,
			);
			defaultConfigurationIsVisible = 0;
			defaultConfigurationName = Release;
		};
		C0034F2C2C0B36B7004A83F5 /* Build configuration list for PBXNativeTarget "eDictionaryUITests" */ = {
			isa = XCConfigurationList;
			buildConfigurations = (
				C0034F2D2C0B36B7004A83F5 /* Debug */,
				C0034F2E2C0B36B7004A83F5 /* Release */,
			);
			defaultConfigurationIsVisible = 0;
			defaultConfigurationName = Release;
		};
/* End XCConfigurationList section */

/* Begin XCRemoteSwiftPackageReference section */
		C0A9A1AF2C0CFDCC00688139 /* XCRemoteSwiftPackageReference "SQLite" */ = {
			isa = XCRemoteSwiftPackageReference;
			repositoryURL = "https://github.com/stephencelis/SQLite.swift";
			requirement = {
				kind = exactVersion;
				version = 0.15.3;
			};
		};
/* End XCRemoteSwiftPackageReference section */

/* Begin XCSwiftPackageProductDependency section */
		C0A9A1B02C0CFDCC00688139 /* SQLite */ = {
			isa = XCSwiftPackageProductDependency;
			package = C0A9A1AF2C0CFDCC00688139 /* XCRemoteSwiftPackageReference "SQLite" */;
			productName = SQLite;
		};
/* End XCSwiftPackageProductDependency section */
	};
	rootObject = C0034EFA2C0B36B6004A83F5 /* Project object */;
}
